// !$*UTF8*$!
{
	archiveVersion = 1;
	classes = {
	};
	objectVersion = 50;
	objects = {

/* Begin PBXBuildFile section */
		9954B10F215AE3DA00D94BD4 /* AppDelegate.swift in Sources */ = {isa = PBXBuildFile; fileRef = 9954B10E215AE3DA00D94BD4 /* AppDelegate.swift */; };
		9954B111215AE3DA00D94BD4 /* ViewController.swift in Sources */ = {isa = PBXBuildFile; fileRef = 9954B110215AE3DA00D94BD4 /* ViewController.swift */; };
		9954B114215AE3DA00D94BD4 /* Main.storyboard in Resources */ = {isa = PBXBuildFile; fileRef = 9954B112215AE3DA00D94BD4 /* Main.storyboard */; };
		9954B116215AE3DC00D94BD4 /* Assets.xcassets in Resources */ = {isa = PBXBuildFile; fileRef = 9954B115215AE3DC00D94BD4 /* Assets.xcassets */; };
		9954B119215AE3DC00D94BD4 /* LaunchScreen.storyboard in Resources */ = {isa = PBXBuildFile; fileRef = 9954B117215AE3DC00D94BD4 /* LaunchScreen.storyboard */; };
		9954B124215AE3DC00D94BD4 /* CashLenderTests.swift in Sources */ = {isa = PBXBuildFile; fileRef = 9954B123215AE3DC00D94BD4 /* CashLenderTests.swift */; };
		9954B12F215AE3DC00D94BD4 /* CashLenderUITests.swift in Sources */ = {isa = PBXBuildFile; fileRef = 9954B12E215AE3DC00D94BD4 /* CashLenderUITests.swift */; };
		9954B13D215BABBD00D94BD4 /* SideMenuVC.swift in Sources */ = {isa = PBXBuildFile; fileRef = 9954B13C215BABBD00D94BD4 /* SideMenuVC.swift */; };
		9954B13F215BAFAE00D94BD4 /* MainVC.swift in Sources */ = {isa = PBXBuildFile; fileRef = 9954B13E215BAFAE00D94BD4 /* MainVC.swift */; };
/* End PBXBuildFile section */

/* Begin PBXContainerItemProxy section */
		9954B120215AE3DC00D94BD4 /* PBXContainerItemProxy */ = {
			isa = PBXContainerItemProxy;
			containerPortal = 9954B103215AE3DA00D94BD4 /* Project object */;
			proxyType = 1;
			remoteGlobalIDString = 9954B10A215AE3DA00D94BD4;
			remoteInfo = CashLender;
		};
		9954B12B215AE3DC00D94BD4 /* PBXContainerItemProxy */ = {
			isa = PBXContainerItemProxy;
			containerPortal = 9954B103215AE3DA00D94BD4 /* Project object */;
			proxyType = 1;
			remoteGlobalIDString = 9954B10A215AE3DA00D94BD4;
			remoteInfo = CashLender;
		};
/* End PBXContainerItemProxy section */

/* Begin PBXFileReference section */
		9954B10B215AE3DA00D94BD4 /* CashLender.app */ = {isa = PBXFileReference; explicitFileType = wrapper.application; includeInIndex = 0; path = CashLender.app; sourceTree = BUILT_PRODUCTS_DIR; };
		9954B10E215AE3DA00D94BD4 /* AppDelegate.swift */ = {isa = PBXFileReference; lastKnownFileType = sourcecode.swift; path = AppDelegate.swift; sourceTree = "<group>"; };
		9954B110215AE3DA00D94BD4 /* ViewController.swift */ = {isa = PBXFileReference; lastKnownFileType = sourcecode.swift; path = ViewController.swift; sourceTree = "<group>"; };
		9954B113215AE3DA00D94BD4 /* Base */ = {isa = PBXFileReference; lastKnownFileType = file.storyboard; name = Base; path = Base.lproj/Main.storyboard; sourceTree = "<group>"; };
		9954B115215AE3DC00D94BD4 /* Assets.xcassets */ = {isa = PBXFileReference; lastKnownFileType = folder.assetcatalog; path = Assets.xcassets; sourceTree = "<group>"; };
		9954B118215AE3DC00D94BD4 /* Base */ = {isa = PBXFileReference; lastKnownFileType = file.storyboard; name = Base; path = Base.lproj/LaunchScreen.storyboard; sourceTree = "<group>"; };
		9954B11A215AE3DC00D94BD4 /* Info.plist */ = {isa = PBXFileReference; lastKnownFileType = text.plist.xml; path = Info.plist; sourceTree = "<group>"; };
		9954B11F215AE3DC00D94BD4 /* CashLenderTests.xctest */ = {isa = PBXFileReference; explicitFileType = wrapper.cfbundle; includeInIndex = 0; path = CashLenderTests.xctest; sourceTree = BUILT_PRODUCTS_DIR; };
		9954B123215AE3DC00D94BD4 /* CashLenderTests.swift */ = {isa = PBXFileReference; lastKnownFileType = sourcecode.swift; path = CashLenderTests.swift; sourceTree = "<group>"; };
		9954B125215AE3DC00D94BD4 /* Info.plist */ = {isa = PBXFileReference; lastKnownFileType = text.plist.xml; path = Info.plist; sourceTree = "<group>"; };
		9954B12A215AE3DC00D94BD4 /* CashLenderUITests.xctest */ = {isa = PBXFileReference; explicitFileType = wrapper.cfbundle; includeInIndex = 0; path = CashLenderUITests.xctest; sourceTree = BUILT_PRODUCTS_DIR; };
		9954B12E215AE3DC00D94BD4 /* CashLenderUITests.swift */ = {isa = PBXFileReference; lastKnownFileType = sourcecode.swift; path = CashLenderUITests.swift; sourceTree = "<group>"; };
		9954B130215AE3DC00D94BD4 /* Info.plist */ = {isa = PBXFileReference; lastKnownFileType = text.plist.xml; path = Info.plist; sourceTree = "<group>"; };
		9954B13C215BABBD00D94BD4 /* SideMenuVC.swift */ = {isa = PBXFileReference; lastKnownFileType = sourcecode.swift; path = SideMenuVC.swift; sourceTree = "<group>"; };
		9954B13E215BAFAE00D94BD4 /* MainVC.swift */ = {isa = PBXFileReference; lastKnownFileType = sourcecode.swift; path = MainVC.swift; sourceTree = "<group>"; };
/* End PBXFileReference section */

/* Begin PBXFrameworksBuildPhase section */
		9954B108215AE3DA00D94BD4 /* Frameworks */ = {
			isa = PBXFrameworksBuildPhase;
			buildActionMask = 2147483647;
			files = (
			);
			runOnlyForDeploymentPostprocessing = 0;
		};
		9954B11C215AE3DC00D94BD4 /* Frameworks */ = {
			isa = PBXFrameworksBuildPhase;
			buildActionMask = 2147483647;
			files = (
			);
			runOnlyForDeploymentPostprocessing = 0;
		};
		9954B127215AE3DC00D94BD4 /* Frameworks */ = {
			isa = PBXFrameworksBuildPhase;
			buildActionMask = 2147483647;
			files = (
			);
			runOnlyForDeploymentPostprocessing = 0;
		};
/* End PBXFrameworksBuildPhase section */

/* Begin PBXGroup section */
		9954B102215AE3DA00D94BD4 = {
			isa = PBXGroup;
			children = (
				9954B10D215AE3DA00D94BD4 /* CashLender */,
				9954B122215AE3DC00D94BD4 /* CashLenderTests */,
				9954B12D215AE3DC00D94BD4 /* CashLenderUITests */,
				9954B10C215AE3DA00D94BD4 /* Products */,
			);
			sourceTree = "<group>";
		};
		9954B10C215AE3DA00D94BD4 /* Products */ = {
			isa = PBXGroup;
			children = (
				9954B10B215AE3DA00D94BD4 /* CashLender.app */,
				9954B11F215AE3DC00D94BD4 /* CashLenderTests.xctest */,
				9954B12A215AE3DC00D94BD4 /* CashLenderUITests.xctest */,
			);
			name = Products;
			sourceTree = "<group>";
		};
		9954B10D215AE3DA00D94BD4 /* CashLender */ = {
			isa = PBXGroup;
			children = (
				9954B10E215AE3DA00D94BD4 /* AppDelegate.swift */,
				9954B110215AE3DA00D94BD4 /* ViewController.swift */,
				9954B13C215BABBD00D94BD4 /* SideMenuVC.swift */,
				9954B13E215BAFAE00D94BD4 /* MainVC.swift */,
				9954B112215AE3DA00D94BD4 /* Main.storyboard */,
				9954B115215AE3DC00D94BD4 /* Assets.xcassets */,
				9954B117215AE3DC00D94BD4 /* LaunchScreen.storyboard */,
				9954B11A215AE3DC00D94BD4 /* Info.plist */,
			);
			path = CashLender;
			sourceTree = "<group>";
		};
		9954B122215AE3DC00D94BD4 /* CashLenderTests */ = {
			isa = PBXGroup;
			children = (
				9954B123215AE3DC00D94BD4 /* CashLenderTests.swift */,
				9954B125215AE3DC00D94BD4 /* Info.plist */,
			);
			path = CashLenderTests;
			sourceTree = "<group>";
		};
		9954B12D215AE3DC00D94BD4 /* CashLenderUITests */ = {
			isa = PBXGroup;
			children = (
				9954B12E215AE3DC00D94BD4 /* CashLenderUITests.swift */,
				9954B130215AE3DC00D94BD4 /* Info.plist */,
			);
			path = CashLenderUITests;
			sourceTree = "<group>";
		};
/* End PBXGroup section */

/* Begin PBXNativeTarget section */
		9954B10A215AE3DA00D94BD4 /* CashLender */ = {
			isa = PBXNativeTarget;
			buildConfigurationList = 9954B133215AE3DC00D94BD4 /* Build configuration list for PBXNativeTarget "CashLender" */;
			buildPhases = (
				9954B107215AE3DA00D94BD4 /* Sources */,
				9954B108215AE3DA00D94BD4 /* Frameworks */,
				9954B109215AE3DA00D94BD4 /* Resources */,
			);
			buildRules = (
			);
			dependencies = (
			);
			name = CashLender;
			productName = CashLender;
			productReference = 9954B10B215AE3DA00D94BD4 /* CashLender.app */;
			productType = "com.apple.product-type.application";
		};
		9954B11E215AE3DC00D94BD4 /* CashLenderTests */ = {
			isa = PBXNativeTarget;
			buildConfigurationList = 9954B136215AE3DC00D94BD4 /* Build configuration list for PBXNativeTarget "CashLenderTests" */;
			buildPhases = (
				9954B11B215AE3DC00D94BD4 /* Sources */,
				9954B11C215AE3DC00D94BD4 /* Frameworks */,
				9954B11D215AE3DC00D94BD4 /* Resources */,
			);
			buildRules = (
			);
			dependencies = (
				9954B121215AE3DC00D94BD4 /* PBXTargetDependency */,
			);
			name = CashLenderTests;
			productName = CashLenderTests;
			productReference = 9954B11F215AE3DC00D94BD4 /* CashLenderTests.xctest */;
			productType = "com.apple.product-type.bundle.unit-test";
		};
		9954B129215AE3DC00D94BD4 /* CashLenderUITests */ = {
			isa = PBXNativeTarget;
			buildConfigurationList = 9954B139215AE3DC00D94BD4 /* Build configuration list for PBXNativeTarget "CashLenderUITests" */;
			buildPhases = (
				9954B126215AE3DC00D94BD4 /* Sources */,
				9954B127215AE3DC00D94BD4 /* Frameworks */,
				9954B128215AE3DC00D94BD4 /* Resources */,
			);
			buildRules = (
			);
			dependencies = (
				9954B12C215AE3DC00D94BD4 /* PBXTargetDependency */,
			);
			name = CashLenderUITests;
			productName = CashLenderUITests;
			productReference = 9954B12A215AE3DC00D94BD4 /* CashLenderUITests.xctest */;
			productType = "com.apple.product-type.bundle.ui-testing";
		};
/* End PBXNativeTarget section */

/* Begin PBXProject section */
		9954B103215AE3DA00D94BD4 /* Project object */ = {
			isa = PBXProject;
			attributes = {
				LastSwiftUpdateCheck = 0940;
				LastUpgradeCheck = 0940;
				ORGANIZATIONNAME = "Mitchell Lam";
				TargetAttributes = {
					9954B10A215AE3DA00D94BD4 = {
						CreatedOnToolsVersion = 9.4.1;
					};
					9954B11E215AE3DC00D94BD4 = {
						CreatedOnToolsVersion = 9.4.1;
						TestTargetID = 9954B10A215AE3DA00D94BD4;
					};
					9954B129215AE3DC00D94BD4 = {
						CreatedOnToolsVersion = 9.4.1;
						TestTargetID = 9954B10A215AE3DA00D94BD4;
					};
				};
			};
			buildConfigurationList = 9954B106215AE3DA00D94BD4 /* Build configuration list for PBXProject "CashLender" */;
			compatibilityVersion = "Xcode 9.3";
			developmentRegion = en;
			hasScannedForEncodings = 0;
			knownRegions = (
				en,
				Base,
			);
			mainGroup = 9954B102215AE3DA00D94BD4;
			productRefGroup = 9954B10C215AE3DA00D94BD4 /* Products */;
			projectDirPath = "";
			projectRoot = "";
			targets = (
				9954B10A215AE3DA00D94BD4 /* CashLender */,
				9954B11E215AE3DC00D94BD4 /* CashLenderTests */,
				9954B129215AE3DC00D94BD4 /* CashLenderUITests */,
			);
		};
/* End PBXProject section */

/* Begin PBXResourcesBuildPhase section */
		9954B109215AE3DA00D94BD4 /* Resources */ = {
			isa = PBXResourcesBuildPhase;
			buildActionMask = 2147483647;
			files = (
				9954B119215AE3DC00D94BD4 /* LaunchScreen.storyboard in Resources */,
				9954B116215AE3DC00D94BD4 /* Assets.xcassets in Resources */,
				9954B114215AE3DA00D94BD4 /* Main.storyboard in Resources */,
			);
			runOnlyForDeploymentPostprocessing = 0;
		};
		9954B11D215AE3DC00D94BD4 /* Resources */ = {
			isa = PBXResourcesBuildPhase;
			buildActionMask = 2147483647;
			files = (
			);
			runOnlyForDeploymentPostprocessing = 0;
		};
		9954B128215AE3DC00D94BD4 /* Resources */ = {
			isa = PBXResourcesBuildPhase;
			buildActionMask = 2147483647;
			files = (
			);
			runOnlyForDeploymentPostprocessing = 0;
		};
/* End PBXResourcesBuildPhase section */

/* Begin PBXSourcesBuildPhase section */
		9954B107215AE3DA00D94BD4 /* Sources */ = {
			isa = PBXSourcesBuildPhase;
			buildActionMask = 2147483647;
			files = (
				9954B111215AE3DA00D94BD4 /* ViewController.swift in Sources */,
				9954B13F215BAFAE00D94BD4 /* MainVC.swift in Sources */,
				9954B13D215BABBD00D94BD4 /* SideMenuVC.swift in Sources */,
				9954B10F215AE3DA00D94BD4 /* AppDelegate.swift in Sources */,
			);
			runOnlyForDeploymentPostprocessing = 0;
		};
		9954B11B215AE3DC00D94BD4 /* Sources */ = {
			isa = PBXSourcesBuildPhase;
			buildActionMask = 2147483647;
			files = (
				9954B124215AE3DC00D94BD4 /* CashLenderTests.swift in Sources */,
			);
			runOnlyForDeploymentPostprocessing = 0;
		};
		9954B126215AE3DC00D94BD4 /* Sources */ = {
			isa = PBXSourcesBuildPhase;
			buildActionMask = 2147483647;
			files = (
				9954B12F215AE3DC00D94BD4 /* CashLenderUITests.swift in Sources */,
			);
			runOnlyForDeploymentPostprocessing = 0;
		};
/* End PBXSourcesBuildPhase section */

/* Begin PBXTargetDependency section */
		9954B121215AE3DC00D94BD4 /* PBXTargetDependency */ = {
			isa = PBXTargetDependency;
			target = 9954B10A215AE3DA00D94BD4 /* CashLender */;
			targetProxy = 9954B120215AE3DC00D94BD4 /* PBXContainerItemProxy */;
		};
		9954B12C215AE3DC00D94BD4 /* PBXTargetDependency */ = {
			isa = PBXTargetDependency;
			target = 9954B10A215AE3DA00D94BD4 /* CashLender */;
			targetProxy = 9954B12B215AE3DC00D94BD4 /* PBXContainerItemProxy */;
		};
/* End PBXTargetDependency section */

/* Begin PBXVariantGroup section */
		9954B112215AE3DA00D94BD4 /* Main.storyboard */ = {
			isa = PBXVariantGroup;
			children = (
				9954B113215AE3DA00D94BD4 /* Base */,
			);
			name = Main.storyboard;
			sourceTree = "<group>";
		};
		9954B117215AE3DC00D94BD4 /* LaunchScreen.storyboard */ = {
			isa = PBXVariantGroup;
			children = (
				9954B118215AE3DC00D94BD4 /* Base */,
			);
			name = LaunchScreen.storyboard;
			sourceTree = "<group>";
		};
/* End PBXVariantGroup section */

/* Begin XCBuildConfiguration section */
		9954B131215AE3DC00D94BD4 /* Debug */ = {
			isa = XCBuildConfiguration;
			buildSettings = {
				ALWAYS_SEARCH_USER_PATHS = NO;
				CLANG_ANALYZER_NONNULL = YES;
				CLANG_ANALYZER_NUMBER_OBJECT_CONVERSION = YES_AGGRESSIVE;
				CLANG_CXX_LANGUAGE_STANDARD = "gnu++14";
				CLANG_CXX_LIBRARY = "libc++";
				CLANG_ENABLE_MODULES = YES;
				CLANG_ENABLE_OBJC_ARC = YES;
				CLANG_ENABLE_OBJC_WEAK = YES;
				CLANG_WARN_BLOCK_CAPTURE_AUTORELEASING = YES;
				CLANG_WARN_BOOL_CONVERSION = YES;
				CLANG_WARN_COMMA = YES;
				CLANG_WARN_CONSTANT_CONVERSION = YES;
				CLANG_WARN_DEPRECATED_OBJC_IMPLEMENTATIONS = YES;
				CLANG_WARN_DIRECT_OBJC_ISA_USAGE = YES_ERROR;
				CLANG_WARN_DOCUMENTATION_COMMENTS = YES;
				CLANG_WARN_EMPTY_BODY = YES;
				CLANG_WARN_ENUM_CONVERSION = YES;
				CLANG_WARN_INFINITE_RECURSION = YES;
				CLANG_WARN_INT_CONVERSION = YES;
				CLANG_WARN_NON_LITERAL_NULL_CONVERSION = YES;
				CLANG_WARN_OBJC_IMPLICIT_RETAIN_SELF = YES;
				CLANG_WARN_OBJC_LITERAL_CONVERSION = YES;
				CLANG_WARN_OBJC_ROOT_CLASS = YES_ERROR;
				CLANG_WARN_RANGE_LOOP_ANALYSIS = YES;
				CLANG_WARN_STRICT_PROTOTYPES = YES;
				CLANG_WARN_SUSPICIOUS_MOVE = YES;
				CLANG_WARN_UNGUARDED_AVAILABILITY = YES_AGGRESSIVE;
				CLANG_WARN_UNREACHABLE_CODE = YES;
				CLANG_WARN__DUPLICATE_METHOD_MATCH = YES;
				CODE_SIGN_IDENTITY = "iPhone Developer";
				COPY_PHASE_STRIP = NO;
				DEBUG_INFORMATION_FORMAT = dwarf;
				ENABLE_STRICT_OBJC_MSGSEND = YES;
				ENABLE_TESTABILITY = YES;
				GCC_C_LANGUAGE_STANDARD = gnu11;
				GCC_DYNAMIC_NO_PIC = NO;
				GCC_NO_COMMON_BLOCKS = YES;
				GCC_OPTIMIZATION_LEVEL = 0;
				GCC_PREPROCESSOR_DEFINITIONS = (
					"DEBUG=1",
					"$(inherited)",
				);
				GCC_WARN_64_TO_32_BIT_CONVERSION = YES;
				GCC_WARN_ABOUT_RETURN_TYPE = YES_ERROR;
				GCC_WARN_UNDECLARED_SELECTOR = YES;
				GCC_WARN_UNINITIALIZED_AUTOS = YES_AGGRESSIVE;
				GCC_WARN_UNUSED_FUNCTION = YES;
				GCC_WARN_UNUSED_VARIABLE = YES;
				IPHONEOS_DEPLOYMENT_TARGET = 11.4;
				MTL_ENABLE_DEBUG_INFO = YES;
				ONLY_ACTIVE_ARCH = YES;
				SDKROOT = iphoneos;
				SWIFT_ACTIVE_COMPILATION_CONDITIONS = DEBUG;
				SWIFT_OPTIMIZATION_LEVEL = "-Onone";
			};
			name = Debug;
		};
		9954B132215AE3DC00D94BD4 /* Release */ = {
			isa = XCBuildConfiguration;
			buildSettings = {
				ALWAYS_SEARCH_USER_PATHS = NO;
				CLANG_ANALYZER_NONNULL = YES;
				CLANG_ANALYZER_NUMBER_OBJECT_CONVERSION = YES_AGGRESSIVE;
				CLANG_CXX_LANGUAGE_STANDARD = "gnu++14";
				CLANG_CXX_LIBRARY = "libc++";
				CLANG_ENABLE_MODULES = YES;
				CLANG_ENABLE_OBJC_ARC = YES;
				CLANG_ENABLE_OBJC_WEAK = YES;
				CLANG_WARN_BLOCK_CAPTURE_AUTORELEASING = YES;
				CLANG_WARN_BOOL_CONVERSION = YES;
				CLANG_WARN_COMMA = YES;
				CLANG_WARN_CONSTANT_CONVERSION = YES;
				CLANG_WARN_DEPRECATED_OBJC_IMPLEMENTATIONS = YES;
				CLANG_WARN_DIRECT_OBJC_ISA_USAGE = YES_ERROR;
				CLANG_WARN_DOCUMENTATION_COMMENTS = YES;
				CLANG_WARN_EMPTY_BODY = YES;
				CLANG_WARN_ENUM_CONVERSION = YES;
				CLANG_WARN_INFINITE_RECURSION = YES;
				CLANG_WARN_INT_CONVERSION = YES;
				CLANG_WARN_NON_LITERAL_NULL_CONVERSION = YES;
				CLANG_WARN_OBJC_IMPLICIT_RETAIN_SELF = YES;
				CLANG_WARN_OBJC_LITERAL_CONVERSION = YES;
				CLANG_WARN_OBJC_ROOT_CLASS = YES_ERROR;
				CLANG_WARN_RANGE_LOOP_ANALYSIS = YES;
				CLANG_WARN_STRICT_PROTOTYPES = YES;
				CLANG_WARN_SUSPICIOUS_MOVE = YES;
				CLANG_WARN_UNGUARDED_AVAILABILITY = YES_AGGRESSIVE;
				CLANG_WARN_UNREACHABLE_CODE = YES;
				CLANG_WARN__DUPLICATE_METHOD_MATCH = YES;
				CODE_SIGN_IDENTITY = "iPhone Developer";
				COPY_PHASE_STRIP = NO;
				DEBUG_INFORMATION_FORMAT = "dwarf-with-dsym";
				ENABLE_NS_ASSERTIONS = NO;
				ENABLE_STRICT_OBJC_MSGSEND = YES;
				GCC_C_LANGUAGE_STANDARD = gnu11;
				GCC_NO_COMMON_BLOCKS = YES;
				GCC_WARN_64_TO_32_BIT_CONVERSION = YES;
				GCC_WARN_ABOUT_RETURN_TYPE = YES_ERROR;
				GCC_WARN_UNDECLARED_SELECTOR = YES;
				GCC_WARN_UNINITIALIZED_AUTOS = YES_AGGRESSIVE;
				GCC_WARN_UNUSED_FUNCTION = YES;
				GCC_WARN_UNUSED_VARIABLE = YES;
				IPHONEOS_DEPLOYMENT_TARGET = 11.4;
				MTL_ENABLE_DEBUG_INFO = NO;
				SDKROOT = iphoneos;
				SWIFT_COMPILATION_MODE = wholemodule;
				SWIFT_OPTIMIZATION_LEVEL = "-O";
				VALIDATE_PRODUCT = YES;
			};
			name = Release;
		};
		9954B134215AE3DC00D94BD4 /* Debug */ = {
			isa = XCBuildConfiguration;
			buildSettings = {
				ASSETCATALOG_COMPILER_APPICON_NAME = AppIcon;
				CODE_SIGN_STYLE = Automatic;
				DEVELOPMENT_TEAM = KP4PBABC6N;
				INFOPLIST_FILE = CashLender/Info.plist;
				LD_RUNPATH_SEARCH_PATHS = (
					"$(inherited)",
					"@executable_path/Frameworks",
				);
				PRODUCT_BUNDLE_IDENTIFIER = MCB.CashLender;
				PRODUCT_NAME = "$(TARGET_NAME)";
				SWIFT_VERSION = 4.0;
				TARGETED_DEVICE_FAMILY = "1,2";
			};
			name = Debug;
		};
		9954B135215AE3DC00D94BD4 /* Release */ = {
			isa = XCBuildConfiguration;
			buildSettings = {
				ASSETCATALOG_COMPILER_APPICON_NAME = AppIcon;
				CODE_SIGN_STYLE = Automatic;
				DEVELOPMENT_TEAM = KP4PBABC6N;
				INFOPLIST_FILE = CashLender/Info.plist;
				LD_RUNPATH_SEARCH_PATHS = (
					"$(inherited)",
					"@executable_path/Frameworks",
				);
				PRODUCT_BUNDLE_IDENTIFIER = MCB.CashLender;
				PRODUCT_NAME = "$(TARGET_NAME)";
				SWIFT_VERSION = 4.0;
				TARGETED_DEVICE_FAMILY = "1,2";
			};
			name = Release;
		};
		9954B137215AE3DC00D94BD4 /* Debug */ = {
			isa = XCBuildConfiguration;
			buildSettings = {
				ALWAYS_EMBED_SWIFT_STANDARD_LIBRARIES = YES;
				BUNDLE_LOADER = "$(TEST_HOST)";
				CODE_SIGN_STYLE = Automatic;
				DEVELOPMENT_TEAM = KP4PBABC6N;
				INFOPLIST_FILE = CashLenderTests/Info.plist;
				LD_RUNPATH_SEARCH_PATHS = (
					"$(inherited)",
					"@executable_path/Frameworks",
					"@loader_path/Frameworks",
				);
				PRODUCT_BUNDLE_IDENTIFIER = MCB.CashLenderTests;
				PRODUCT_NAME = "$(TARGET_NAME)";
				SWIFT_VERSION = 4.0;
				TARGETED_DEVICE_FAMILY = "1,2";
				TEST_HOST = "$(BUILT_PRODUCTS_DIR)/CashLender.app/CashLender";
			};
			name = Debug;
		};
		9954B138215AE3DC00D94BD4 /* Release */ = {
			isa = XCBuildConfiguration;
			buildSettings = {
				ALWAYS_EMBED_SWIFT_STANDARD_LIBRARIES = YES;
				BUNDLE_LOADER = "$(TEST_HOST)";
				CODE_SIGN_STYLE = Automatic;
				DEVELOPMENT_TEAM = KP4PBABC6N;
				INFOPLIST_FILE = CashLenderTests/Info.plist;
				LD_RUNPATH_SEARCH_PATHS = (
					"$(inherited)",
					"@executable_path/Frameworks",
					"@loader_path/Frameworks",
				);
				PRODUCT_BUNDLE_IDENTIFIER = MCB.CashLenderTests;
				PRODUCT_NAME = "$(TARGET_NAME)";
				SWIFT_VERSION = 4.0;
				TARGETED_DEVICE_FAMILY = "1,2";
				TEST_HOST = "$(BUILT_PRODUCTS_DIR)/CashLender.app/CashLender";
			};
			name = Release;
		};
		9954B13A215AE3DC00D94BD4 /* Debug */ = {
			isa = XCBuildConfiguration;
			buildSettings = {
				ALWAYS_EMBED_SWIFT_STANDARD_LIBRARIES = YES;
				CODE_SIGN_STYLE = Automatic;
				DEVELOPMENT_TEAM = KP4PBABC6N;
				INFOPLIST_FILE = CashLenderUITests/Info.plist;
				LD_RUNPATH_SEARCH_PATHS = (
					"$(inherited)",
					"@executable_path/Frameworks",
					"@loader_path/Frameworks",
				);
				PRODUCT_BUNDLE_IDENTIFIER = MCB.CashLenderUITests;
				PRODUCT_NAME = "$(TARGET_NAME)";
				SWIFT_VERSION = 4.0;
				TARGETED_DEVICE_FAMILY = "1,2";
				TEST_TARGET_NAME = CashLender;
			};
			name = Debug;
		};
		9954B13B215AE3DC00D94BD4 /* Release */ = {
			isa = XCBuildConfiguration;
			buildSettings = {
				ALWAYS_EMBED_SWIFT_STANDARD_LIBRARIES = YES;
				CODE_SIGN_STYLE = Automatic;
				DEVELOPMENT_TEAM = KP4PBABC6N;
				INFOPLIST_FILE = CashLenderUITests/Info.plist;
				LD_RUNPATH_SEARCH_PATHS = (
					"$(inherited)",
					"@executable_path/Frameworks",
					"@loader_path/Frameworks",
				);
				PRODUCT_BUNDLE_IDENTIFIER = MCB.CashLenderUITests;
				PRODUCT_NAME = "$(TARGET_NAME)";
				SWIFT_VERSION = 4.0;
				TARGETED_DEVICE_FAMILY = "1,2";
				TEST_TARGET_NAME = CashLender;
			};
			name = Release;
		};
/* End XCBuildConfiguration section */

/* Begin XCConfigurationList section */
		9954B106215AE3DA00D94BD4 /* Build configuration list for PBXProject "CashLender" */ = {
			isa = XCConfigurationList;
			buildConfigurations = (
				9954B131215AE3DC00D94BD4 /* Debug */,
				9954B132215AE3DC00D94BD4 /* Release */,
			);
			defaultConfigurationIsVisible = 0;
			defaultConfigurationName = Release;
		};
		9954B133215AE3DC00D94BD4 /* Build configuration list for PBXNativeTarget "CashLender" */ = {
			isa = XCConfigurationList;
			buildConfigurations = (
				9954B134215AE3DC00D94BD4 /* Debug */,
				9954B135215AE3DC00D94BD4 /* Release */,
			);
			defaultConfigurationIsVisible = 0;
			defaultConfigurationName = Release;
		};
		9954B136215AE3DC00D94BD4 /* Build configuration list for PBXNativeTarget "CashLenderTests" */ = {
			isa = XCConfigurationList;
			buildConfigurations = (
				9954B137215AE3DC00D94BD4 /* Debug */,
				9954B138215AE3DC00D94BD4 /* Release */,
			);
			defaultConfigurationIsVisible = 0;
			defaultConfigurationName = Release;
		};
		9954B139215AE3DC00D94BD4 /* Build configuration list for PBXNativeTarget "CashLenderUITests" */ = {
			isa = XCConfigurationList;
			buildConfigurations = (
				9954B13A215AE3DC00D94BD4 /* Debug */,
				9954B13B215AE3DC00D94BD4 /* Release */,
			);
			defaultConfigurationIsVisible = 0;
			defaultConfigurationName = Release;
		};
/* End XCConfigurationList section */
	};
	rootObject = 9954B103215AE3DA00D94BD4 /* Project object */;
}
